// !$*UTF8*$!
{
	archiveVersion = 1;
	classes = {
	};
	objectVersion = 46;
	objects = {

/* Begin PBXBuildFile section */
		AD5347641D2CB57B00FBF7B1 /* AppDelegate.swift in Sources */ = {isa = PBXBuildFile; fileRef = AD5347631D2CB57B00FBF7B1 /* AppDelegate.swift */; };
		AD5347661D2CB57B00FBF7B1 /* GameScene.sks in Resources */ = {isa = PBXBuildFile; fileRef = AD5347651D2CB57B00FBF7B1 /* GameScene.sks */; };
		AD5347681D2CB57B00FBF7B1 /* GameScene.swift in Sources */ = {isa = PBXBuildFile; fileRef = AD5347671D2CB57B00FBF7B1 /* GameScene.swift */; };
		AD53476A1D2CB57B00FBF7B1 /* GameViewController.swift in Sources */ = {isa = PBXBuildFile; fileRef = AD5347691D2CB57B00FBF7B1 /* GameViewController.swift */; };
		AD53476D1D2CB57B00FBF7B1 /* Main.storyboard in Resources */ = {isa = PBXBuildFile; fileRef = AD53476B1D2CB57B00FBF7B1 /* Main.storyboard */; };
		AD53476F1D2CB57B00FBF7B1 /* Assets.xcassets in Resources */ = {isa = PBXBuildFile; fileRef = AD53476E1D2CB57B00FBF7B1 /* Assets.xcassets */; };
		AD5347721D2CB57B00FBF7B1 /* LaunchScreen.storyboard in Resources */ = {isa = PBXBuildFile; fileRef = AD5347701D2CB57B00FBF7B1 /* LaunchScreen.storyboard */; };
		AD5C62481D38563000224AEE /* wordsEn.txt in Resources */ = {isa = PBXBuildFile; fileRef = AD5C62471D38563000224AEE /* wordsEn.txt */; };
		AD5C624A1D385FDE00224AEE /* WordsManager.swift in Sources */ = {isa = PBXBuildFile; fileRef = AD5C62491D385FDE00224AEE /* WordsManager.swift */; };
		AD8DD28F1D359ECA00A37369 /* MainMenu.swift in Sources */ = {isa = PBXBuildFile; fileRef = AD8DD28E1D359ECA00A37369 /* MainMenu.swift */; };
		AD8DD2911D35A20900A37369 /* MainMenu.sks in Resources */ = {isa = PBXBuildFile; fileRef = AD8DD2901D35A20900A37369 /* MainMenu.sks */; };
		AD8DD2971D36B2BF00A37369 /* MSButtonNode.swift in Sources */ = {isa = PBXBuildFile; fileRef = AD8DD2961D36B2BF00A37369 /* MSButtonNode.swift */; };
/* End PBXBuildFile section */

/* Begin PBXFileReference section */
		AD5347601D2CB57B00FBF7B1 /* MagicalTypika.app */ = {isa = PBXFileReference; explicitFileType = wrapper.application; includeInIndex = 0; path = MagicalTypika.app; sourceTree = BUILT_PRODUCTS_DIR; };
		AD5347631D2CB57B00FBF7B1 /* AppDelegate.swift */ = {isa = PBXFileReference; lastKnownFileType = sourcecode.swift; path = AppDelegate.swift; sourceTree = "<group>"; };
		AD5347651D2CB57B00FBF7B1 /* GameScene.sks */ = {isa = PBXFileReference; lastKnownFileType = file.sks; path = GameScene.sks; sourceTree = "<group>"; };
		AD5347671D2CB57B00FBF7B1 /* GameScene.swift */ = {isa = PBXFileReference; lastKnownFileType = sourcecode.swift; path = GameScene.swift; sourceTree = "<group>"; };
		AD5347691D2CB57B00FBF7B1 /* GameViewController.swift */ = {isa = PBXFileReference; lastKnownFileType = sourcecode.swift; path = GameViewController.swift; sourceTree = "<group>"; };
		AD53476C1D2CB57B00FBF7B1 /* Base */ = {isa = PBXFileReference; lastKnownFileType = file.storyboard; name = Base; path = Base.lproj/Main.storyboard; sourceTree = "<group>"; };
		AD53476E1D2CB57B00FBF7B1 /* Assets.xcassets */ = {isa = PBXFileReference; lastKnownFileType = folder.assetcatalog; path = Assets.xcassets; sourceTree = "<group>"; };
		AD5347711D2CB57B00FBF7B1 /* Base */ = {isa = PBXFileReference; lastKnownFileType = file.storyboard; name = Base; path = Base.lproj/LaunchScreen.storyboard; sourceTree = "<group>"; };
		AD5347731D2CB57B00FBF7B1 /* Info.plist */ = {isa = PBXFileReference; lastKnownFileType = text.plist.xml; path = Info.plist; sourceTree = "<group>"; };
		AD5C62471D38563000224AEE /* wordsEn.txt */ = {isa = PBXFileReference; fileEncoding = 4; lastKnownFileType = text; path = wordsEn.txt; sourceTree = "<group>"; };
		AD5C62491D385FDE00224AEE /* WordsManager.swift */ = {isa = PBXFileReference; fileEncoding = 4; lastKnownFileType = sourcecode.swift; name = WordsManager.swift; path = ../WordsManager.swift; sourceTree = "<group>"; };
		AD8DD28E1D359ECA00A37369 /* MainMenu.swift */ = {isa = PBXFileReference; fileEncoding = 4; lastKnownFileType = sourcecode.swift; path = MainMenu.swift; sourceTree = "<group>"; };
		AD8DD2901D35A20900A37369 /* MainMenu.sks */ = {isa = PBXFileReference; lastKnownFileType = file.sks; path = MainMenu.sks; sourceTree = "<group>"; };
		AD8DD2961D36B2BF00A37369 /* MSButtonNode.swift */ = {isa = PBXFileReference; fileEncoding = 4; lastKnownFileType = sourcecode.swift; path = MSButtonNode.swift; sourceTree = "<group>"; };
/* End PBXFileReference section */

/* Begin PBXFrameworksBuildPhase section */
		AD53475D1D2CB57B00FBF7B1 /* Frameworks */ = {
			isa = PBXFrameworksBuildPhase;
			buildActionMask = 2147483647;
			files = (
			);
			runOnlyForDeploymentPostprocessing = 0;
		};
/* End PBXFrameworksBuildPhase section */

/* Begin PBXGroup section */
		AD5347571D2CB57B00FBF7B1 = {
			isa = PBXGroup;
			children = (
				AD8DD2961D36B2BF00A37369 /* MSButtonNode.swift */,
				AD5347621D2CB57B00FBF7B1 /* MagicalTypika */,
				AD5347611D2CB57B00FBF7B1 /* Products */,
			);
			sourceTree = "<group>";
		};
		AD5347611D2CB57B00FBF7B1 /* Products */ = {
			isa = PBXGroup;
			children = (
				AD5347601D2CB57B00FBF7B1 /* MagicalTypika.app */,
			);
			name = Products;
			sourceTree = "<group>";
		};
		AD5347621D2CB57B00FBF7B1 /* MagicalTypika */ = {
			isa = PBXGroup;
			children = (
				AD5C62491D385FDE00224AEE /* WordsManager.swift */,
				AD5347631D2CB57B00FBF7B1 /* AppDelegate.swift */,
				AD5347651D2CB57B00FBF7B1 /* GameScene.sks */,
				AD5347671D2CB57B00FBF7B1 /* GameScene.swift */,
				AD8DD2901D35A20900A37369 /* MainMenu.sks */,
				AD8DD28E1D359ECA00A37369 /* MainMenu.swift */,
				AD5347691D2CB57B00FBF7B1 /* GameViewController.swift */,
				AD5C62471D38563000224AEE /* wordsEn.txt */,
				AD53476B1D2CB57B00FBF7B1 /* Main.storyboard */,
				AD53476E1D2CB57B00FBF7B1 /* Assets.xcassets */,
				AD5347701D2CB57B00FBF7B1 /* LaunchScreen.storyboard */,
				AD5347731D2CB57B00FBF7B1 /* Info.plist */,
			);
			path = MagicalTypika;
			sourceTree = "<group>";
		};
/* End PBXGroup section */

/* Begin PBXNativeTarget section */
		AD53475F1D2CB57B00FBF7B1 /* MagicalTypika */ = {
			isa = PBXNativeTarget;
			buildConfigurationList = AD5347761D2CB57B00FBF7B1 /* Build configuration list for PBXNativeTarget "MagicalTypika" */;
			buildPhases = (
				AD53475C1D2CB57B00FBF7B1 /* Sources */,
				AD53475D1D2CB57B00FBF7B1 /* Frameworks */,
				AD53475E1D2CB57B00FBF7B1 /* Resources */,
			);
			buildRules = (
			);
			dependencies = (
			);
			name = MagicalTypika;
			productName = MagicalTypika;
			productReference = AD5347601D2CB57B00FBF7B1 /* MagicalTypika.app */;
			productType = "com.apple.product-type.application";
		};
/* End PBXNativeTarget section */

/* Begin PBXProject section */
		AD5347581D2CB57B00FBF7B1 /* Project object */ = {
			isa = PBXProject;
			attributes = {
				LastSwiftUpdateCheck = 0730;
				LastUpgradeCheck = 0730;
				ORGANIZATIONNAME = NormaTu;
				TargetAttributes = {
					AD53475F1D2CB57B00FBF7B1 = {
						CreatedOnToolsVersion = 7.3.1;
						DevelopmentTeam = 74LTR4YUNB;
					};
				};
			};
			buildConfigurationList = AD53475B1D2CB57B00FBF7B1 /* Build configuration list for PBXProject "MagicalTypika" */;
			compatibilityVersion = "Xcode 3.2";
			developmentRegion = English;
			hasScannedForEncodings = 0;
			knownRegions = (
				en,
				Base,
			);
			mainGroup = AD5347571D2CB57B00FBF7B1;
			productRefGroup = AD5347611D2CB57B00FBF7B1 /* Products */;
			projectDirPath = "";
			projectRoot = "";
			targets = (
				AD53475F1D2CB57B00FBF7B1 /* MagicalTypika */,
			);
		};
/* End PBXProject section */

/* Begin PBXResourcesBuildPhase section */
		AD53475E1D2CB57B00FBF7B1 /* Resources */ = {
			isa = PBXResourcesBuildPhase;
			buildActionMask = 2147483647;
			files = (
				AD5347661D2CB57B00FBF7B1 /* GameScene.sks in Resources */,
				AD5C62481D38563000224AEE /* wordsEn.txt in Resources */,
				AD5347721D2CB57B00FBF7B1 /* LaunchScreen.storyboard in Resources */,
				AD53476F1D2CB57B00FBF7B1 /* Assets.xcassets in Resources */,
				AD8DD2911D35A20900A37369 /* MainMenu.sks in Resources */,
				AD53476D1D2CB57B00FBF7B1 /* Main.storyboard in Resources */,
			);
			runOnlyForDeploymentPostprocessing = 0;
		};
/* End PBXResourcesBuildPhase section */

/* Begin PBXSourcesBuildPhase section */
		AD53475C1D2CB57B00FBF7B1 /* Sources */ = {
			isa = PBXSourcesBuildPhase;
			buildActionMask = 2147483647;
			files = (
				AD5347681D2CB57B00FBF7B1 /* GameScene.swift in Sources */,
				AD53476A1D2CB57B00FBF7B1 /* GameViewController.swift in Sources */,
				AD5347641D2CB57B00FBF7B1 /* AppDelegate.swift in Sources */,
				AD5C624A1D385FDE00224AEE /* WordsManager.swift in Sources */,
				AD8DD2971D36B2BF00A37369 /* MSButtonNode.swift in Sources */,
				AD8DD28F1D359ECA00A37369 /* MainMenu.swift in Sources */,
			);
			runOnlyForDeploymentPostprocessing = 0;
		};
/* End PBXSourcesBuildPhase section */

/* Begin PBXVariantGroup section */
		AD53476B1D2CB57B00FBF7B1 /* Main.storyboard */ = {
			isa = PBXVariantGroup;
			children = (
				AD53476C1D2CB57B00FBF7B1 /* Base */,
			);
			name = Main.storyboard;
			sourceTree = "<group>";
		};
		AD5347701D2CB57B00FBF7B1 /* LaunchScreen.storyboard */ = {
			isa = PBXVariantGroup;
			children = (
				AD5347711D2CB57B00FBF7B1 /* Base */,
			);
			name = LaunchScreen.storyboard;
			sourceTree = "<group>";
		};
/* End PBXVariantGroup section */

/* Begin XCBuildConfiguration section */
		AD5347741D2CB57B00FBF7B1 /* Debug */ = {
			isa = XCBuildConfiguration;
			buildSettings = {
				ALWAYS_SEARCH_USER_PATHS = NO;
				CLANG_ANALYZER_NONNULL = YES;
				CLANG_CXX_LANGUAGE_STANDARD = "gnu++0x";
				CLANG_CXX_LIBRARY = "libc++";
				CLANG_ENABLE_MODULES = YES;
				CLANG_ENABLE_OBJC_ARC = YES;
				CLANG_WARN_BOOL_CONVERSION = YES;
				CLANG_WARN_CONSTANT_CONVERSION = YES;
				CLANG_WARN_DIRECT_OBJC_ISA_USAGE = YES_ERROR;
				CLANG_WARN_EMPTY_BODY = YES;
				CLANG_WARN_ENUM_CONVERSION = YES;
				CLANG_WARN_INT_CONVERSION = YES;
				CLANG_WARN_OBJC_ROOT_CLASS = YES_ERROR;
				CLANG_WARN_UNREACHABLE_CODE = YES;
				CLANG_WARN__DUPLICATE_METHOD_MATCH = YES;
				"CODE_SIGN_IDENTITY[sdk=iphoneos*]" = "iPhone Developer";
				COPY_PHASE_STRIP = NO;
				DEBUG_INFORMATION_FORMAT = "dwarf-with-dsym";
				ENABLE_STRICT_OBJC_MSGSEND = YES;
				ENABLE_TESTABILITY = YES;
				GCC_C_LANGUAGE_STANDARD = gnu99;
				GCC_DYNAMIC_NO_PIC = NO;
				GCC_NO_COMMON_BLOCKS = YES;
				GCC_OPTIMIZATION_LEVEL = 0;
				GCC_PREPROCESSOR_DEFINITIONS = (
					"DEBUG=1",
					"$(inherited)",
				);
				GCC_WARN_64_TO_32_BIT_CONVERSION = YES;
				GCC_WARN_ABOUT_RETURN_TYPE = YES_ERROR;
				GCC_WARN_UNDECLARED_SELECTOR = YES;
				GCC_WARN_UNINITIALIZED_AUTOS = YES_AGGRESSIVE;
				GCC_WARN_UNUSED_FUNCTION = YES;
				GCC_WARN_UNUSED_VARIABLE = YES;
				IPHONEOS_DEPLOYMENT_TARGET = 9.3;
				MTL_ENABLE_DEBUG_INFO = YES;
				ONLY_ACTIVE_ARCH = YES;
				SDKROOT = iphoneos;
				SWIFT_OPTIMIZATION_LEVEL = "-Onone";
				TARGETED_DEVICE_FAMILY = "1,2";
			};
			name = Debug;
		};
		AD5347751D2CB57B00FBF7B1 /* Release */ = {
			isa = XCBuildConfiguration;
			buildSettings = {
				ALWAYS_SEARCH_USER_PATHS = NO;
				CLANG_ANALYZER_NONNULL = YES;
				CLANG_CXX_LANGUAGE_STANDARD = "gnu++0x";
				CLANG_CXX_LIBRARY = "libc++";
				CLANG_ENABLE_MODULES = YES;
				CLANG_ENABLE_OBJC_ARC = YES;
				CLANG_WARN_BOOL_CONVERSION = YES;
				CLANG_WARN_CONSTANT_CONVERSION = YES;
				CLANG_WARN_DIRECT_OBJC_ISA_USAGE = YES_ERROR;
				CLANG_WARN_EMPTY_BODY = YES;
				CLANG_WARN_ENUM_CONVERSION = YES;
				CLANG_WARN_INT_CONVERSION = YES;
				CLANG_WARN_OBJC_ROOT_CLASS = YES_ERROR;
				CLANG_WARN_UNREACHABLE_CODE = YES;
				CLANG_WARN__DUPLICATE_METHOD_MATCH = YES;
				"CODE_SIGN_IDENTITY[sdk=iphoneos*]" = "iPhone Developer";
				COPY_PHASE_STRIP = NO;
				DEBUG_INFORMATION_FORMAT = "dwarf-with-dsym";
				ENABLE_NS_ASSERTIONS = NO;
				ENABLE_STRICT_OBJC_MSGSEND = YES;
				GCC_C_LANGUAGE_STANDARD = gnu99;
				GCC_NO_COMMON_BLOCKS = YES;
				GCC_WARN_64_TO_32_BIT_CONVERSION = YES;
				GCC_WARN_ABOUT_RETURN_TYPE = YES_ERROR;
				GCC_WARN_UNDECLARED_SELECTOR = YES;
				GCC_WARN_UNINITIALIZED_AUTOS = YES_AGGRESSIVE;
				GCC_WARN_UNUSED_FUNCTION = YES;
				GCC_WARN_UNUSED_VARIABLE = YES;
				IPHONEOS_DEPLOYMENT_TARGET = 9.3;
				MTL_ENABLE_DEBUG_INFO = NO;
				SDKROOT = iphoneos;
				TARGETED_DEVICE_FAMILY = "1,2";
				VALIDATE_PRODUCT = YES;
			};
			name = Release;
		};
		AD5347771D2CB57B00FBF7B1 /* Debug */ = {
			isa = XCBuildConfiguration;
			buildSettings = {
				ASSETCATALOG_COMPILER_APPICON_NAME = AppIcon;
				CODE_SIGN_IDENTITY = "iPhone Developer";
				"CODE_SIGN_IDENTITY[sdk=iphoneos*]" = "iPhone Developer";
				INFOPLIST_FILE = MagicalTypika/Info.plist;
				LD_RUNPATH_SEARCH_PATHS = "$(inherited) @executable_path/Frameworks";
				PRODUCT_BUNDLE_IDENTIFIER = com.normatu.MagicalTypika;
				PRODUCT_NAME = "$(TARGET_NAME)";
				PROVISIONING_PROFILE = "";
			};
			name = Debug;
		};
		AD5347781D2CB57B00FBF7B1 /* Release */ = {
			isa = XCBuildConfiguration;
			buildSettings = {
				ASSETCATALOG_COMPILER_APPICON_NAME = AppIcon;
				CODE_SIGN_IDENTITY = "iPhone Developer";
				"CODE_SIGN_IDENTITY[sdk=iphoneos*]" = "iPhone Developer";
				INFOPLIST_FILE = MagicalTypika/Info.plist;
				LD_RUNPATH_SEARCH_PATHS = "$(inherited) @executable_path/Frameworks";
				PRODUCT_BUNDLE_IDENTIFIER = com.normatu.MagicalTypika;
				PRODUCT_NAME = "$(TARGET_NAME)";
				PROVISIONING_PROFILE = "";
			};
			name = Release;
		};
/* End XCBuildConfiguration section */

/* Begin XCConfigurationList section */
		AD53475B1D2CB57B00FBF7B1 /* Build configuration list for PBXProject "MagicalTypika" */ = {
			isa = XCConfigurationList;
			buildConfigurations = (
				AD5347741D2CB57B00FBF7B1 /* Debug */,
				AD5347751D2CB57B00FBF7B1 /* Release */,
			);
			defaultConfigurationIsVisible = 0;
			defaultConfigurationName = Release;
		};
		AD5347761D2CB57B00FBF7B1 /* Build configuration list for PBXNativeTarget "MagicalTypika" */ = {
			isa = XCConfigurationList;
			buildConfigurations = (
				AD5347771D2CB57B00FBF7B1 /* Debug */,
				AD5347781D2CB57B00FBF7B1 /* Release */,
			);
			defaultConfigurationIsVisible = 0;
			defaultConfigurationName = Release;
		};
/* End XCConfigurationList section */
	};
	rootObject = AD5347581D2CB57B00FBF7B1 /* Project object */;
}
