// !$*UTF8*$!
{
	archiveVersion = 1;
	classes = {
	};
	objectVersion = 46;
	objects = {

/* Begin PBXBuildFile section */
		AD5347641D2CB57B00FBF7B1 /* AppDelegate.swift in Sources */ = {isa = PBXBuildFile; fileRef = AD5347631D2CB57B00FBF7B1 /* AppDelegate.swift */; };
		AD5347681D2CB57B00FBF7B1 /* GameScene.swift in Sources */ = {isa = PBXBuildFile; fileRef = AD5347671D2CB57B00FBF7B1 /* GameScene.swift */; };
		AD53476A1D2CB57B00FBF7B1 /* GameViewController.swift in Sources */ = {isa = PBXBuildFile; fileRef = AD5347691D2CB57B00FBF7B1 /* GameViewController.swift */; };
		AD53476D1D2CB57B00FBF7B1 /* Main.storyboard in Resources */ = {isa = PBXBuildFile; fileRef = AD53476B1D2CB57B00FBF7B1 /* Main.storyboard */; };
		AD53476F1D2CB57B00FBF7B1 /* Assets.xcassets in Resources */ = {isa = PBXBuildFile; fileRef = AD53476E1D2CB57B00FBF7B1 /* Assets.xcassets */; };
		AD5347721D2CB57B00FBF7B1 /* LaunchScreen.storyboard in Resources */ = {isa = PBXBuildFile; fileRef = AD5347701D2CB57B00FBF7B1 /* LaunchScreen.storyboard */; };
		AD5C624A1D385FDE00224AEE /* WordsManager.swift in Sources */ = {isa = PBXBuildFile; fileRef = AD5C62491D385FDE00224AEE /* WordsManager.swift */; };
		AD6B7B181D53ACA300667BC1 /* LevelContent.swift in Sources */ = {isa = PBXBuildFile; fileRef = AD6B7B171D53ACA300667BC1 /* LevelContent.swift */; };
		AD72D1CC1D50115400A45DAA /* ButtonNode.swift in Sources */ = {isa = PBXBuildFile; fileRef = AD72D1CB1D50115400A45DAA /* ButtonNode.swift */; };
		AD74E1821D5A9B2E007EB40E /* MagicalTypika.atlas in Resources */ = {isa = PBXBuildFile; fileRef = AD74E1811D5A9B2E007EB40E /* MagicalTypika.atlas */; };
		AD74E1881D5BEB10007EB40E /* CreditsScene.swift in Sources */ = {isa = PBXBuildFile; fileRef = AD74E1871D5BEB10007EB40E /* CreditsScene.swift */; };
		AD74E18A1D5D2605007EB40E /* EndScreen.swift in Sources */ = {isa = PBXBuildFile; fileRef = AD74E1891D5D2605007EB40E /* EndScreen.swift */; };
		AD74E18F1D5E81B2007EB40E /* monAttack.wav in Resources */ = {isa = PBXBuildFile; fileRef = AD74E18C1D5E81B2007EB40E /* monAttack.wav */; };
		AD74E1901D5E81B2007EB40E /* monOW.wav in Resources */ = {isa = PBXBuildFile; fileRef = AD74E18D1D5E81B2007EB40E /* monOW.wav */; };
		AD74E1911D5E81B2007EB40E /* winBeep.wav in Resources */ = {isa = PBXBuildFile; fileRef = AD74E18E1D5E81B2007EB40E /* winBeep.wav */; };
		AD74E1961D5E81D4007EB40E /* bossLvlBGM.mp3 in Resources */ = {isa = PBXBuildFile; fileRef = AD74E1921D5E81D4007EB40E /* bossLvlBGM.mp3 */; };
		AD74E1971D5E81D4007EB40E /* loseBeep.wav in Resources */ = {isa = PBXBuildFile; fileRef = AD74E1931D5E81D4007EB40E /* loseBeep.wav */; };
		AD74E1991D5E81D4007EB40E /* mainMenuBGM.mp3 in Resources */ = {isa = PBXBuildFile; fileRef = AD74E1951D5E81D4007EB40E /* mainMenuBGM.mp3 */; };
		AD8DD28F1D359ECA00A37369 /* MainMenu.swift in Sources */ = {isa = PBXBuildFile; fileRef = AD8DD28E1D359ECA00A37369 /* MainMenu.swift */; };
		AD8DD2911D35A20900A37369 /* MainMenu.sks in Resources */ = {isa = PBXBuildFile; fileRef = AD8DD2901D35A20900A37369 /* MainMenu.sks */; };
		AD8DD2971D36B2BF00A37369 /* MSButtonNode.swift in Sources */ = {isa = PBXBuildFile; fileRef = AD8DD2961D36B2BF00A37369 /* MSButtonNode.swift */; };
		ADC02C441D46DD1000F9A38D /* 1000words.txt in Resources */ = {isa = PBXBuildFile; fileRef = ADC02C431D46DD1000F9A38D /* 1000words.txt */; };
		ADC02C461D480B6100F9A38D /* Monster.swift in Sources */ = {isa = PBXBuildFile; fileRef = ADC02C451D480B6100F9A38D /* Monster.swift */; };
		ADC02C491D48167900F9A38D /* Boom.sks in Resources */ = {isa = PBXBuildFile; fileRef = ADC02C471D48167900F9A38D /* Boom.sks */; };
		ADC02C4A1D48167900F9A38D /* spark.png in Resources */ = {isa = PBXBuildFile; fileRef = ADC02C481D48167900F9A38D /* spark.png */; };
		ADC02C4C1D4A798300F9A38D /* Player.swift in Sources */ = {isa = PBXBuildFile; fileRef = ADC02C4B1D4A798300F9A38D /* Player.swift */; };
		ADC02C4E1D4ABE7A00F9A38D /* HealthBar.swift in Sources */ = {isa = PBXBuildFile; fileRef = ADC02C4D1D4ABE7A00F9A38D /* HealthBar.swift */; };
		ADF59DF61D5E8F1C00A26DED /* MT_attack.mp3 in Resources */ = {isa = PBXBuildFile; fileRef = ADF59DF31D5E8F1C00A26DED /* MT_attack.mp3 */; };
		ADF59DF81D5E8F1C00A26DED /* MT_owch.mp3 in Resources */ = {isa = PBXBuildFile; fileRef = ADF59DF51D5E8F1C00A26DED /* MT_owch.mp3 */; };
		ADF59DFA1D5EDF0A00A26DED /* lvlOneBGM.mp3 in Resources */ = {isa = PBXBuildFile; fileRef = ADF59DF91D5EDF0A00A26DED /* lvlOneBGM.mp3 */; };
		ADF59DFC1D5EDF1E00A26DED /* creditsBGM.mp3 in Resources */ = {isa = PBXBuildFile; fileRef = ADF59DFB1D5EDF1E00A26DED /* creditsBGM.mp3 */; };
		ADF59DFE1D5EE3BB00A26DED /* MT_no.mp3 in Resources */ = {isa = PBXBuildFile; fileRef = ADF59DFD1D5EE3BB00A26DED /* MT_no.mp3 */; };
/* End PBXBuildFile section */

/* Begin PBXFileReference section */
		AD5347601D2CB57B00FBF7B1 /* MagicalTypika.app */ = {isa = PBXFileReference; explicitFileType = wrapper.application; includeInIndex = 0; path = MagicalTypika.app; sourceTree = BUILT_PRODUCTS_DIR; };
		AD5347631D2CB57B00FBF7B1 /* AppDelegate.swift */ = {isa = PBXFileReference; lastKnownFileType = sourcecode.swift; path = AppDelegate.swift; sourceTree = "<group>"; };
		AD5347671D2CB57B00FBF7B1 /* GameScene.swift */ = {isa = PBXFileReference; lastKnownFileType = sourcecode.swift; path = GameScene.swift; sourceTree = "<group>"; };
		AD5347691D2CB57B00FBF7B1 /* GameViewController.swift */ = {isa = PBXFileReference; lastKnownFileType = sourcecode.swift; path = GameViewController.swift; sourceTree = "<group>"; };
		AD53476C1D2CB57B00FBF7B1 /* Base */ = {isa = PBXFileReference; lastKnownFileType = file.storyboard; name = Base; path = Base.lproj/Main.storyboard; sourceTree = "<group>"; };
		AD53476E1D2CB57B00FBF7B1 /* Assets.xcassets */ = {isa = PBXFileReference; lastKnownFileType = folder.assetcatalog; path = Assets.xcassets; sourceTree = "<group>"; };
		AD5347711D2CB57B00FBF7B1 /* Base */ = {isa = PBXFileReference; lastKnownFileType = file.storyboard; name = Base; path = Base.lproj/LaunchScreen.storyboard; sourceTree = "<group>"; };
		AD5347731D2CB57B00FBF7B1 /* Info.plist */ = {isa = PBXFileReference; lastKnownFileType = text.plist.xml; path = Info.plist; sourceTree = "<group>"; };
		AD5C62491D385FDE00224AEE /* WordsManager.swift */ = {isa = PBXFileReference; fileEncoding = 4; lastKnownFileType = sourcecode.swift; name = WordsManager.swift; path = ../WordsManager.swift; sourceTree = "<group>"; };
		AD6B7B171D53ACA300667BC1 /* LevelContent.swift */ = {isa = PBXFileReference; fileEncoding = 4; lastKnownFileType = sourcecode.swift; path = LevelContent.swift; sourceTree = "<group>"; };
		AD72D1CB1D50115400A45DAA /* ButtonNode.swift */ = {isa = PBXFileReference; fileEncoding = 4; lastKnownFileType = sourcecode.swift; path = ButtonNode.swift; sourceTree = "<group>"; };
		AD74E1811D5A9B2E007EB40E /* MagicalTypika.atlas */ = {isa = PBXFileReference; lastKnownFileType = folder.skatlas; path = MagicalTypika.atlas; sourceTree = "<group>"; };
		AD74E1871D5BEB10007EB40E /* CreditsScene.swift */ = {isa = PBXFileReference; fileEncoding = 4; lastKnownFileType = sourcecode.swift; path = CreditsScene.swift; sourceTree = "<group>"; };
		AD74E1891D5D2605007EB40E /* EndScreen.swift */ = {isa = PBXFileReference; fileEncoding = 4; lastKnownFileType = sourcecode.swift; path = EndScreen.swift; sourceTree = "<group>"; };
		AD74E18C1D5E81B2007EB40E /* monAttack.wav */ = {isa = PBXFileReference; lastKnownFileType = audio.wav; path = monAttack.wav; sourceTree = "<group>"; };
		AD74E18D1D5E81B2007EB40E /* monOW.wav */ = {isa = PBXFileReference; lastKnownFileType = audio.wav; path = monOW.wav; sourceTree = "<group>"; };
		AD74E18E1D5E81B2007EB40E /* winBeep.wav */ = {isa = PBXFileReference; lastKnownFileType = audio.wav; path = winBeep.wav; sourceTree = "<group>"; };
		AD74E1921D5E81D4007EB40E /* bossLvlBGM.mp3 */ = {isa = PBXFileReference; lastKnownFileType = audio.mp3; path = bossLvlBGM.mp3; sourceTree = "<group>"; };
		AD74E1931D5E81D4007EB40E /* loseBeep.wav */ = {isa = PBXFileReference; lastKnownFileType = audio.wav; path = loseBeep.wav; sourceTree = "<group>"; };
		AD74E1951D5E81D4007EB40E /* mainMenuBGM.mp3 */ = {isa = PBXFileReference; lastKnownFileType = audio.mp3; path = mainMenuBGM.mp3; sourceTree = "<group>"; };
		AD8DD28E1D359ECA00A37369 /* MainMenu.swift */ = {isa = PBXFileReference; fileEncoding = 4; lastKnownFileType = sourcecode.swift; path = MainMenu.swift; sourceTree = "<group>"; };
		AD8DD2901D35A20900A37369 /* MainMenu.sks */ = {isa = PBXFileReference; lastKnownFileType = file.sks; path = MainMenu.sks; sourceTree = "<group>"; };
		AD8DD2961D36B2BF00A37369 /* MSButtonNode.swift */ = {isa = PBXFileReference; fileEncoding = 4; lastKnownFileType = sourcecode.swift; name = MSButtonNode.swift; path = ../MSButtonNode.swift; sourceTree = "<group>"; };
		ADC02C431D46DD1000F9A38D /* 1000words.txt */ = {isa = PBXFileReference; fileEncoding = 4; lastKnownFileType = text; path = 1000words.txt; sourceTree = "<group>"; };
		ADC02C451D480B6100F9A38D /* Monster.swift */ = {isa = PBXFileReference; fileEncoding = 4; lastKnownFileType = sourcecode.swift; path = Monster.swift; sourceTree = "<group>"; };
		ADC02C471D48167900F9A38D /* Boom.sks */ = {isa = PBXFileReference; lastKnownFileType = file.sks; path = Boom.sks; sourceTree = "<group>"; };
		ADC02C481D48167900F9A38D /* spark.png */ = {isa = PBXFileReference; lastKnownFileType = image.png; path = spark.png; sourceTree = "<group>"; };
		ADC02C4B1D4A798300F9A38D /* Player.swift */ = {isa = PBXFileReference; fileEncoding = 4; lastKnownFileType = sourcecode.swift; path = Player.swift; sourceTree = "<group>"; };
		ADC02C4D1D4ABE7A00F9A38D /* HealthBar.swift */ = {isa = PBXFileReference; fileEncoding = 4; lastKnownFileType = sourcecode.swift; path = HealthBar.swift; sourceTree = "<group>"; };
		ADF59DF31D5E8F1C00A26DED /* MT_attack.mp3 */ = {isa = PBXFileReference; lastKnownFileType = audio.mp3; path = MT_attack.mp3; sourceTree = "<group>"; };
		ADF59DF51D5E8F1C00A26DED /* MT_owch.mp3 */ = {isa = PBXFileReference; lastKnownFileType = audio.mp3; path = MT_owch.mp3; sourceTree = "<group>"; };
		ADF59DF91D5EDF0A00A26DED /* lvlOneBGM.mp3 */ = {isa = PBXFileReference; lastKnownFileType = audio.mp3; path = lvlOneBGM.mp3; sourceTree = "<group>"; };
		ADF59DFB1D5EDF1E00A26DED /* creditsBGM.mp3 */ = {isa = PBXFileReference; lastKnownFileType = audio.mp3; path = creditsBGM.mp3; sourceTree = "<group>"; };
		ADF59DFD1D5EE3BB00A26DED /* MT_no.mp3 */ = {isa = PBXFileReference; lastKnownFileType = audio.mp3; path = MT_no.mp3; sourceTree = "<group>"; };
/* End PBXFileReference section */

/* Begin PBXFrameworksBuildPhase section */
		AD53475D1D2CB57B00FBF7B1 /* Frameworks */ = {
			isa = PBXFrameworksBuildPhase;
			buildActionMask = 2147483647;
			files = (
			);
			runOnlyForDeploymentPostprocessing = 0;
		};
/* End PBXFrameworksBuildPhase section */

/* Begin PBXGroup section */
		AD5347571D2CB57B00FBF7B1 = {
			isa = PBXGroup;
			children = (
				AD5347621D2CB57B00FBF7B1 /* MagicalTypika */,
				AD5347611D2CB57B00FBF7B1 /* Products */,
				AD74E1811D5A9B2E007EB40E /* MagicalTypika.atlas */,
			);
			sourceTree = "<group>";
		};
		AD5347611D2CB57B00FBF7B1 /* Products */ = {
			isa = PBXGroup;
			children = (
				AD5347601D2CB57B00FBF7B1 /* MagicalTypika.app */,
			);
			name = Products;
			sourceTree = "<group>";
		};
		AD5347621D2CB57B00FBF7B1 /* MagicalTypika */ = {
			isa = PBXGroup;
			children = (
				AD8DD2961D36B2BF00A37369 /* MSButtonNode.swift */,
				AD72D1CB1D50115400A45DAA /* ButtonNode.swift */,
				AD5C62491D385FDE00224AEE /* WordsManager.swift */,
				ADC02C4D1D4ABE7A00F9A38D /* HealthBar.swift */,
				ADC02C451D480B6100F9A38D /* Monster.swift */,
				ADC02C4B1D4A798300F9A38D /* Player.swift */,
				AD5347671D2CB57B00FBF7B1 /* GameScene.swift */,
				AD74E1891D5D2605007EB40E /* EndScreen.swift */,
				AD6B7B171D53ACA300667BC1 /* LevelContent.swift */,
				ADC02C471D48167900F9A38D /* Boom.sks */,
				ADC02C481D48167900F9A38D /* spark.png */,
				AD8DD2901D35A20900A37369 /* MainMenu.sks */,
				AD8DD28E1D359ECA00A37369 /* MainMenu.swift */,
				AD74E1871D5BEB10007EB40E /* CreditsScene.swift */,
				AD5347631D2CB57B00FBF7B1 /* AppDelegate.swift */,
				AD5347691D2CB57B00FBF7B1 /* GameViewController.swift */,
				AD53476B1D2CB57B00FBF7B1 /* Main.storyboard */,
				ADC02C431D46DD1000F9A38D /* 1000words.txt */,
				AD74E18B1D5E81B2007EB40E /* Sound */,
				AD53476E1D2CB57B00FBF7B1 /* Assets.xcassets */,
				AD5347701D2CB57B00FBF7B1 /* LaunchScreen.storyboard */,
				AD5347731D2CB57B00FBF7B1 /* Info.plist */,
			);
			path = MagicalTypika;
			sourceTree = "<group>";
		};
		AD74E18B1D5E81B2007EB40E /* Sound */ = {
			isa = PBXGroup;
			children = (
				AD74E18C1D5E81B2007EB40E /* monAttack.wav */,
				AD74E1921D5E81D4007EB40E /* bossLvlBGM.mp3 */,
				ADF59DFB1D5EDF1E00A26DED /* creditsBGM.mp3 */,
				ADF59DF31D5E8F1C00A26DED /* MT_attack.mp3 */,
				ADF59DFD1D5EE3BB00A26DED /* MT_no.mp3 */,
				ADF59DF51D5E8F1C00A26DED /* MT_owch.mp3 */,
				AD74E1931D5E81D4007EB40E /* loseBeep.wav */,
				ADF59DF91D5EDF0A00A26DED /* lvlOneBGM.mp3 */,
				AD74E1951D5E81D4007EB40E /* mainMenuBGM.mp3 */,
				AD74E18D1D5E81B2007EB40E /* monOW.wav */,
				AD74E18E1D5E81B2007EB40E /* winBeep.wav */,
			);
			path = Sound;
			sourceTree = "<group>";
		};
/* End PBXGroup section */

/* Begin PBXNativeTarget section */
		AD53475F1D2CB57B00FBF7B1 /* MagicalTypika */ = {
			isa = PBXNativeTarget;
			buildConfigurationList = AD5347761D2CB57B00FBF7B1 /* Build configuration list for PBXNativeTarget "MagicalTypika" */;
			buildPhases = (
				AD53475C1D2CB57B00FBF7B1 /* Sources */,
				AD53475D1D2CB57B00FBF7B1 /* Frameworks */,
				AD53475E1D2CB57B00FBF7B1 /* Resources */,
			);
			buildRules = (
			);
			dependencies = (
			);
			name = MagicalTypika;
			productName = MagicalTypika;
			productReference = AD5347601D2CB57B00FBF7B1 /* MagicalTypika.app */;
			productType = "com.apple.product-type.application";
		};
/* End PBXNativeTarget section */

/* Begin PBXProject section */
		AD5347581D2CB57B00FBF7B1 /* Project object */ = {
			isa = PBXProject;
			attributes = {
				LastSwiftUpdateCheck = 0730;
				LastUpgradeCheck = 0730;
				ORGANIZATIONNAME = NormaTu;
				TargetAttributes = {
					AD53475F1D2CB57B00FBF7B1 = {
						CreatedOnToolsVersion = 7.3.1;
						DevelopmentTeam = 65B7V76W59;
					};
				};
			};
			buildConfigurationList = AD53475B1D2CB57B00FBF7B1 /* Build configuration list for PBXProject "MagicalTypika" */;
			compatibilityVersion = "Xcode 3.2";
			developmentRegion = English;
			hasScannedForEncodings = 0;
			knownRegions = (
				en,
				Base,
			);
			mainGroup = AD5347571D2CB57B00FBF7B1;
			productRefGroup = AD5347611D2CB57B00FBF7B1 /* Products */;
			projectDirPath = "";
			projectRoot = "";
			targets = (
				AD53475F1D2CB57B00FBF7B1 /* MagicalTypika */,
			);
		};
/* End PBXProject section */

/* Begin PBXResourcesBuildPhase section */
		AD53475E1D2CB57B00FBF7B1 /* Resources */ = {
			isa = PBXResourcesBuildPhase;
			buildActionMask = 2147483647;
			files = (
				ADC02C491D48167900F9A38D /* Boom.sks in Resources */,
				AD5347721D2CB57B00FBF7B1 /* LaunchScreen.storyboard in Resources */,
				AD53476F1D2CB57B00FBF7B1 /* Assets.xcassets in Resources */,
				AD8DD2911D35A20900A37369 /* MainMenu.sks in Resources */,
				ADC02C4A1D48167900F9A38D /* spark.png in Resources */,
				AD74E1901D5E81B2007EB40E /* monOW.wav in Resources */,
				AD53476D1D2CB57B00FBF7B1 /* Main.storyboard in Resources */,
				ADF59DF61D5E8F1C00A26DED /* MT_attack.mp3 in Resources */,
				AD74E1991D5E81D4007EB40E /* mainMenuBGM.mp3 in Resources */,
				ADF59DFE1D5EE3BB00A26DED /* MT_no.mp3 in Resources */,
				AD74E1971D5E81D4007EB40E /* loseBeep.wav in Resources */,
				ADF59DFC1D5EDF1E00A26DED /* creditsBGM.mp3 in Resources */,
				AD74E1961D5E81D4007EB40E /* bossLvlBGM.mp3 in Resources */,
				ADF59DFA1D5EDF0A00A26DED /* lvlOneBGM.mp3 in Resources */,
				ADF59DF81D5E8F1C00A26DED /* MT_owch.mp3 in Resources */,
				AD74E18F1D5E81B2007EB40E /* monAttack.wav in Resources */,
				AD74E1821D5A9B2E007EB40E /* MagicalTypika.atlas in Resources */,
				ADC02C441D46DD1000F9A38D /* 1000words.txt in Resources */,
				AD74E1911D5E81B2007EB40E /* winBeep.wav in Resources */,
			);
			runOnlyForDeploymentPostprocessing = 0;
		};
/* End PBXResourcesBuildPhase section */

/* Begin PBXSourcesBuildPhase section */
		AD53475C1D2CB57B00FBF7B1 /* Sources */ = {
			isa = PBXSourcesBuildPhase;
			buildActionMask = 2147483647;
			files = (
				ADC02C461D480B6100F9A38D /* Monster.swift in Sources */,
				ADC02C4E1D4ABE7A00F9A38D /* HealthBar.swift in Sources */,
				AD72D1CC1D50115400A45DAA /* ButtonNode.swift in Sources */,
				AD5347681D2CB57B00FBF7B1 /* GameScene.swift in Sources */,
				AD53476A1D2CB57B00FBF7B1 /* GameViewController.swift in Sources */,
				AD74E1881D5BEB10007EB40E /* CreditsScene.swift in Sources */,
				AD74E18A1D5D2605007EB40E /* EndScreen.swift in Sources */,
				AD5347641D2CB57B00FBF7B1 /* AppDelegate.swift in Sources */,
				AD5C624A1D385FDE00224AEE /* WordsManager.swift in Sources */,
				AD8DD2971D36B2BF00A37369 /* MSButtonNode.swift in Sources */,
				ADC02C4C1D4A798300F9A38D /* Player.swift in Sources */,
				AD8DD28F1D359ECA00A37369 /* MainMenu.swift in Sources */,
				AD6B7B181D53ACA300667BC1 /* LevelContent.swift in Sources */,
			);
			runOnlyForDeploymentPostprocessing = 0;
		};
/* End PBXSourcesBuildPhase section */

/* Begin PBXVariantGroup section */
		AD53476B1D2CB57B00FBF7B1 /* Main.storyboard */ = {
			isa = PBXVariantGroup;
			children = (
				AD53476C1D2CB57B00FBF7B1 /* Base */,
			);
			name = Main.storyboard;
			sourceTree = "<group>";
		};
		AD5347701D2CB57B00FBF7B1 /* LaunchScreen.storyboard */ = {
			isa = PBXVariantGroup;
			children = (
				AD5347711D2CB57B00FBF7B1 /* Base */,
			);
			name = LaunchScreen.storyboard;
			sourceTree = "<group>";
		};
/* End PBXVariantGroup section */

/* Begin XCBuildConfiguration section */
		AD5347741D2CB57B00FBF7B1 /* Debug */ = {
			isa = XCBuildConfiguration;
			buildSettings = {
				ALWAYS_SEARCH_USER_PATHS = NO;
				CLANG_ANALYZER_NONNULL = YES;
				CLANG_CXX_LANGUAGE_STANDARD = "gnu++0x";
				CLANG_CXX_LIBRARY = "libc++";
				CLANG_ENABLE_MODULES = YES;
				CLANG_ENABLE_OBJC_ARC = YES;
				CLANG_WARN_BOOL_CONVERSION = YES;
				CLANG_WARN_CONSTANT_CONVERSION = YES;
				CLANG_WARN_DIRECT_OBJC_ISA_USAGE = YES_ERROR;
				CLANG_WARN_EMPTY_BODY = YES;
				CLANG_WARN_ENUM_CONVERSION = YES;
				CLANG_WARN_INT_CONVERSION = YES;
				CLANG_WARN_OBJC_ROOT_CLASS = YES_ERROR;
				CLANG_WARN_UNREACHABLE_CODE = YES;
				CLANG_WARN__DUPLICATE_METHOD_MATCH = YES;
				"CODE_SIGN_IDENTITY[sdk=iphoneos*]" = "iPhone Developer";
				COPY_PHASE_STRIP = NO;
				DEBUG_INFORMATION_FORMAT = "dwarf-with-dsym";
				ENABLE_STRICT_OBJC_MSGSEND = YES;
				ENABLE_TESTABILITY = YES;
				GCC_C_LANGUAGE_STANDARD = gnu99;
				GCC_DYNAMIC_NO_PIC = NO;
				GCC_NO_COMMON_BLOCKS = YES;
				GCC_OPTIMIZATION_LEVEL = 0;
				GCC_PREPROCESSOR_DEFINITIONS = (
					"DEBUG=1",
					"$(inherited)",
				);
				GCC_WARN_64_TO_32_BIT_CONVERSION = YES;
				GCC_WARN_ABOUT_RETURN_TYPE = YES_ERROR;
				GCC_WARN_UNDECLARED_SELECTOR = YES;
				GCC_WARN_UNINITIALIZED_AUTOS = YES_AGGRESSIVE;
				GCC_WARN_UNUSED_FUNCTION = YES;
				GCC_WARN_UNUSED_VARIABLE = YES;
				IPHONEOS_DEPLOYMENT_TARGET = 9.3;
				MTL_ENABLE_DEBUG_INFO = YES;
				ONLY_ACTIVE_ARCH = YES;
				SDKROOT = iphoneos;
				SWIFT_OPTIMIZATION_LEVEL = "-Onone";
				TARGETED_DEVICE_FAMILY = "1,2";
			};
			name = Debug;
		};
		AD5347751D2CB57B00FBF7B1 /* Release */ = {
			isa = XCBuildConfiguration;
			buildSettings = {
				ALWAYS_SEARCH_USER_PATHS = NO;
				CLANG_ANALYZER_NONNULL = YES;
				CLANG_CXX_LANGUAGE_STANDARD = "gnu++0x";
				CLANG_CXX_LIBRARY = "libc++";
				CLANG_ENABLE_MODULES = YES;
				CLANG_ENABLE_OBJC_ARC = YES;
				CLANG_WARN_BOOL_CONVERSION = YES;
				CLANG_WARN_CONSTANT_CONVERSION = YES;
				CLANG_WARN_DIRECT_OBJC_ISA_USAGE = YES_ERROR;
				CLANG_WARN_EMPTY_BODY = YES;
				CLANG_WARN_ENUM_CONVERSION = YES;
				CLANG_WARN_INT_CONVERSION = YES;
				CLANG_WARN_OBJC_ROOT_CLASS = YES_ERROR;
				CLANG_WARN_UNREACHABLE_CODE = YES;
				CLANG_WARN__DUPLICATE_METHOD_MATCH = YES;
				"CODE_SIGN_IDENTITY[sdk=iphoneos*]" = "iPhone Developer";
				COPY_PHASE_STRIP = NO;
				DEBUG_INFORMATION_FORMAT = "dwarf-with-dsym";
				ENABLE_NS_ASSERTIONS = NO;
				ENABLE_STRICT_OBJC_MSGSEND = YES;
				GCC_C_LANGUAGE_STANDARD = gnu99;
				GCC_NO_COMMON_BLOCKS = YES;
				GCC_WARN_64_TO_32_BIT_CONVERSION = YES;
				GCC_WARN_ABOUT_RETURN_TYPE = YES_ERROR;
				GCC_WARN_UNDECLARED_SELECTOR = YES;
				GCC_WARN_UNINITIALIZED_AUTOS = YES_AGGRESSIVE;
				GCC_WARN_UNUSED_FUNCTION = YES;
				GCC_WARN_UNUSED_VARIABLE = YES;
				IPHONEOS_DEPLOYMENT_TARGET = 9.3;
				MTL_ENABLE_DEBUG_INFO = NO;
				SDKROOT = iphoneos;
				TARGETED_DEVICE_FAMILY = "1,2";
				VALIDATE_PRODUCT = YES;
			};
			name = Release;
		};
		AD5347771D2CB57B00FBF7B1 /* Debug */ = {
			isa = XCBuildConfiguration;
			buildSettings = {
				ASSETCATALOG_COMPILER_APPICON_NAME = AppIcon;
				CODE_SIGN_IDENTITY = "iPhone Developer";
				"CODE_SIGN_IDENTITY[sdk=iphoneos*]" = "iPhone Developer";
				INFOPLIST_FILE = MagicalTypika/Info.plist;
				LD_RUNPATH_SEARCH_PATHS = "$(inherited) @executable_path/Frameworks";
				PRODUCT_BUNDLE_IDENTIFIER = "com.normatu.Magical-Typika";
				PRODUCT_NAME = "$(TARGET_NAME)";
				PROVISIONING_PROFILE = "";
				TARGETED_DEVICE_FAMILY = 1;
			};
			name = Debug;
		};
		AD5347781D2CB57B00FBF7B1 /* Release */ = {
			isa = XCBuildConfiguration;
			buildSettings = {
				ASSETCATALOG_COMPILER_APPICON_NAME = AppIcon;
				CODE_SIGN_IDENTITY = "iPhone Developer";
				"CODE_SIGN_IDENTITY[sdk=iphoneos*]" = "iPhone Developer";
				INFOPLIST_FILE = MagicalTypika/Info.plist;
				LD_RUNPATH_SEARCH_PATHS = "$(inherited) @executable_path/Frameworks";
				PRODUCT_BUNDLE_IDENTIFIER = "com.normatu.Magical-Typika";
				PRODUCT_NAME = "$(TARGET_NAME)";
				PROVISIONING_PROFILE = "";
				TARGETED_DEVICE_FAMILY = 1;
			};
			name = Release;
		};
/* End XCBuildConfiguration section */

/* Begin XCConfigurationList section */
		AD53475B1D2CB57B00FBF7B1 /* Build configuration list for PBXProject "MagicalTypika" */ = {
			isa = XCConfigurationList;
			buildConfigurations = (
				AD5347741D2CB57B00FBF7B1 /* Debug */,
				AD5347751D2CB57B00FBF7B1 /* Release */,
			);
			defaultConfigurationIsVisible = 0;
			defaultConfigurationName = Release;
		};
		AD5347761D2CB57B00FBF7B1 /* Build configuration list for PBXNativeTarget "MagicalTypika" */ = {
			isa = XCConfigurationList;
			buildConfigurations = (
				AD5347771D2CB57B00FBF7B1 /* Debug */,
				AD5347781D2CB57B00FBF7B1 /* Release */,
			);
			defaultConfigurationIsVisible = 0;
			defaultConfigurationName = Release;
		};
/* End XCConfigurationList section */
	};
	rootObject = AD5347581D2CB57B00FBF7B1 /* Project object */;
}
